
Microsoft Visual Studio Solution File, Format Version 12.00
# Visual Studio 15
VisualStudioVersion = 15.0.27130.2010
MinimumVisualStudioVersion = 10.0.40219.1
Project("{8BC9CEB8-8B4A-11D0-8D11-00A0C91BC942}") = "AdunareInmultire", "AdunareInmultire\AdunareInmultire.vcxproj", "{B901C7EF-08A1-4190-A132-63BFAC46777B}"
EndProject
Project("{8BC9CEB8-8B4A-11D0-8D11-00A0C91BC942}") = "Inmultire", "Inmultire\Inmultire.vcxproj", "{A13C00B6-13DE-4DB4-A9A4-6404E1A261E6}"
EndProject
Global
	GlobalSection(SolutionConfigurationPlatforms) = preSolution
		Debug|x64 = Debug|x64
		Debug|x86 = Debug|x86
		Release|x64 = Release|x64
		Release|x86 = Release|x86
	EndGlobalSection
	GlobalSection(ProjectConfigurationPlatforms) = postSolution
		{B901C7EF-08A1-4190-A132-63BFAC46777B}.Debug|x64.ActiveCfg = Debug|x64
		{B901C7EF-08A1-4190-A132-63BFAC46777B}.Debug|x64.Build.0 = Debug|x64
		{B901C7EF-08A1-4190-A132-63BFAC46777B}.Debug|x86.ActiveCfg = Debug|Win32
		{B901C7EF-08A1-4190-A132-63BFAC46777B}.Debug|x86.Build.0 = Debug|Win32
		{B901C7EF-08A1-4190-A132-63BFAC46777B}.Release|x64.ActiveCfg = Release|x64
		{B901C7EF-08A1-4190-A132-63BFAC46777B}.Release|x64.Build.0 = Release|x64
		{B901C7EF-08A1-4190-A132-63BFAC46777B}.Release|x86.ActiveCfg = Release|Win32
		{B901C7EF-08A1-4190-A132-63BFAC46777B}.Release|x86.Build.0 = Release|Win32
		{A13C00B6-13DE-4DB4-A9A4-6404E1A261E6}.Debug|x64.ActiveCfg = Debug|x64
		{A13C00B6-13DE-4DB4-A9A4-6404E1A261E6}.Debug|x64.Build.0 = Debug|x64
		{A13C00B6-13DE-4DB4-A9A4-6404E1A261E6}.Debug|x86.ActiveCfg = Debug|Win32
		{A13C00B6-13DE-4DB4-A9A4-6404E1A261E6}.Debug|x86.Build.0 = Debug|Win32
		{A13C00B6-13DE-4DB4-A9A4-6404E1A261E6}.Release|x64.ActiveCfg = Release|x64
		{A13C00B6-13DE-4DB4-A9A4-6404E1A261E6}.Release|x64.Build.0 = Release|x64
		{A13C00B6-13DE-4DB4-A9A4-6404E1A261E6}.Release|x86.ActiveCfg = Release|Win32
		{A13C00B6-13DE-4DB4-A9A4-6404E1A261E6}.Release|x86.Build.0 = Release|Win32
	EndGlobalSection
	GlobalSection(SolutionProperties) = preSolution
		HideSolutionNode = FALSE
	EndGlobalSection
	GlobalSection(ExtensibilityGlobals) = postSolution
		SolutionGuid = {3BBA746E-B70A-4A13-B9E0-9654FEA1456C}
	EndGlobalSection
EndGlobal
